
Microsoft Visual Studio Solution File, Format Version 12.00
# Visual Studio 15
VisualStudioVersion = 15.0.28307.705
MinimumVisualStudioVersion = 10.0.40219.1
Project("{FAE04EC0-301F-11D3-BF4B-00C04F79EFBC}") = "CardReader_CRT-591", "CardReader_CRT-591\CardReader_CRT-591.csproj", "{3D4900D4-F6F4-4596-A7C7-57E1DE1E7001}"
EndProject
Project("{FAE04EC0-301F-11D3-BF4B-00C04F79EFBC}") = "TestConsole", "TestConsole\TestConsole.csproj", "{9450B6AB-B096-4B37-966C-D7E3F55D578B}"
EndProject
Project("{FAE04EC0-301F-11D3-BF4B-00C04F79EFBC}") = "CardReader_CRT-310", "CardReader_CRT310\CardReader_CRT-310.csproj", "{D8958330-2C62-4253-BE80-976E0D5450AF}"
EndProject
Project("{FAE04EC0-301F-11D3-BF4B-00C04F79EFBC}") = "BillValidator_NV200", "BillValidator_NV200\BillValidator_NV200.csproj", "{EA91BAA4-0274-4B26-BE10-8FBA1586EBA4}"
EndProject
Project("{FAE04EC0-301F-11D3-BF4B-00C04F79EFBC}") = "BillDispenser_NDE1000", "BillDispenser_NDE1000\BillDispenser_NDE1000.csproj", "{92ADD627-377E-47DA-B951-87850C3E22A9}"
EndProject
Project("{FAE04EC0-301F-11D3-BF4B-00C04F79EFBC}") = "CoinChanger_MDBRS232_For_CC6100", "CoinChanger_MDBRS232_For_CC6100\CoinChanger_MDBRS232_For_CC6100.csproj", "{4C192D74-445F-4E73-A90D-55B9462A63FA}"
EndProject
Global
	GlobalSection(SolutionConfigurationPlatforms) = preSolution
		Debug|Any CPU = Debug|Any CPU
		Release|Any CPU = Release|Any CPU
	EndGlobalSection
	GlobalSection(ProjectConfigurationPlatforms) = postSolution
		{3D4900D4-F6F4-4596-A7C7-57E1DE1E7001}.Debug|Any CPU.ActiveCfg = Debug|Any CPU
		{3D4900D4-F6F4-4596-A7C7-57E1DE1E7001}.Debug|Any CPU.Build.0 = Debug|Any CPU
		{3D4900D4-F6F4-4596-A7C7-57E1DE1E7001}.Release|Any CPU.ActiveCfg = Release|Any CPU
		{3D4900D4-F6F4-4596-A7C7-57E1DE1E7001}.Release|Any CPU.Build.0 = Release|Any CPU
		{9450B6AB-B096-4B37-966C-D7E3F55D578B}.Debug|Any CPU.ActiveCfg = Debug|Any CPU
		{9450B6AB-B096-4B37-966C-D7E3F55D578B}.Debug|Any CPU.Build.0 = Debug|Any CPU
		{9450B6AB-B096-4B37-966C-D7E3F55D578B}.Release|Any CPU.ActiveCfg = Release|Any CPU
		{9450B6AB-B096-4B37-966C-D7E3F55D578B}.Release|Any CPU.Build.0 = Release|Any CPU
		{D8958330-2C62-4253-BE80-976E0D5450AF}.Debug|Any CPU.ActiveCfg = Debug|Any CPU
		{D8958330-2C62-4253-BE80-976E0D5450AF}.Debug|Any CPU.Build.0 = Debug|Any CPU
		{D8958330-2C62-4253-BE80-976E0D5450AF}.Release|Any CPU.ActiveCfg = Release|Any CPU
		{D8958330-2C62-4253-BE80-976E0D5450AF}.Release|Any CPU.Build.0 = Release|Any CPU
		{EA91BAA4-0274-4B26-BE10-8FBA1586EBA4}.Debug|Any CPU.ActiveCfg = Debug|Any CPU
		{EA91BAA4-0274-4B26-BE10-8FBA1586EBA4}.Debug|Any CPU.Build.0 = Debug|Any CPU
		{EA91BAA4-0274-4B26-BE10-8FBA1586EBA4}.Release|Any CPU.ActiveCfg = Release|Any CPU
		{EA91BAA4-0274-4B26-BE10-8FBA1586EBA4}.Release|Any CPU.Build.0 = Release|Any CPU
		{92ADD627-377E-47DA-B951-87850C3E22A9}.Debug|Any CPU.ActiveCfg = Debug|Any CPU
		{92ADD627-377E-47DA-B951-87850C3E22A9}.Debug|Any CPU.Build.0 = Debug|Any CPU
		{92ADD627-377E-47DA-B951-87850C3E22A9}.Release|Any CPU.ActiveCfg = Release|Any CPU
		{92ADD627-377E-47DA-B951-87850C3E22A9}.Release|Any CPU.Build.0 = Release|Any CPU
		{4C192D74-445F-4E73-A90D-55B9462A63FA}.Debug|Any CPU.ActiveCfg = Debug|Any CPU
		{4C192D74-445F-4E73-A90D-55B9462A63FA}.Debug|Any CPU.Build.0 = Debug|Any CPU
		{4C192D74-445F-4E73-A90D-55B9462A63FA}.Release|Any CPU.ActiveCfg = Release|Any CPU
		{4C192D74-445F-4E73-A90D-55B9462A63FA}.Release|Any CPU.Build.0 = Release|Any CPU
	EndGlobalSection
	GlobalSection(SolutionProperties) = preSolution
		HideSolutionNode = FALSE
	EndGlobalSection
	GlobalSection(ExtensibilityGlobals) = postSolution
		SolutionGuid = {6FC9927F-54A2-4330-BE10-F5D71D0DF9F8}
	EndGlobalSection
EndGlobal
